// !$*UTF8*$!
{
	archiveVersion = 1;
	classes = {
	};
	objectVersion = 50;
	objects = {

/* Begin PBXBuildFile section */
		0C09011D2667CD400050D676 /* AppDelegate.swift in Sources */ = {isa = PBXBuildFile; fileRef = 0C09011C2667CD400050D676 /* AppDelegate.swift */; };
		0C09011F2667CD400050D676 /* SceneDelegate.swift in Sources */ = {isa = PBXBuildFile; fileRef = 0C09011E2667CD400050D676 /* SceneDelegate.swift */; };
		0C0901212667CD400050D676 /* MainViewController.swift in Sources */ = {isa = PBXBuildFile; fileRef = 0C0901202667CD400050D676 /* MainViewController.swift */; };
		0C0901242667CD400050D676 /* Main.storyboard in Resources */ = {isa = PBXBuildFile; fileRef = 0C0901222667CD400050D676 /* Main.storyboard */; };
		0C0901262667CD410050D676 /* Assets.xcassets in Resources */ = {isa = PBXBuildFile; fileRef = 0C0901252667CD410050D676 /* Assets.xcassets */; };
		0C0901312667E33C0050D676 /* Model.swift in Sources */ = {isa = PBXBuildFile; fileRef = 0C0901302667E33C0050D676 /* Model.swift */; };
		0C0901332667FA5B0050D676 /* ChildViewController.swift in Sources */ = {isa = PBXBuildFile; fileRef = 0C0901322667FA5B0050D676 /* ChildViewController.swift */; };
		0C090135266806EA0050D676 /* CellChild.swift in Sources */ = {isa = PBXBuildFile; fileRef = 0C090134266806EA0050D676 /* CellChild.swift */; };
		0C09013A26682AB50050D676 /* ProtocolVC.swift in Sources */ = {isa = PBXBuildFile; fileRef = 0C09013926682AB50050D676 /* ProtocolVC.swift */; };
		0C09013C266832160050D676 /* ProtocolModel.swift in Sources */ = {isa = PBXBuildFile; fileRef = 0C09013B266832160050D676 /* ProtocolModel.swift */; };
		0C0901402668C8AE0050D676 /* ValidationData.swift in Sources */ = {isa = PBXBuildFile; fileRef = 0C09013F2668C8AE0050D676 /* ValidationData.swift */; };
		0C0901442668DF2E0050D676 /* LaunchScreen.storyboard in Resources */ = {isa = PBXBuildFile; fileRef = 0C0901432668DF2E0050D676 /* LaunchScreen.storyboard */; };
		0C0901462668F4220050D676 /* README.md in Resources */ = {isa = PBXBuildFile; fileRef = 0C0901452668F4220050D676 /* README.md */; };
/* End PBXBuildFile section */

/* Begin PBXFileReference section */
		0C0901192667CD400050D676 /* Alef.app */ = {isa = PBXFileReference; explicitFileType = wrapper.application; includeInIndex = 0; path = Alef.app; sourceTree = BUILT_PRODUCTS_DIR; };
		0C09011C2667CD400050D676 /* AppDelegate.swift */ = {isa = PBXFileReference; lastKnownFileType = sourcecode.swift; path = AppDelegate.swift; sourceTree = "<group>"; };
		0C09011E2667CD400050D676 /* SceneDelegate.swift */ = {isa = PBXFileReference; lastKnownFileType = sourcecode.swift; path = SceneDelegate.swift; sourceTree = "<group>"; };
		0C0901202667CD400050D676 /* MainViewController.swift */ = {isa = PBXFileReference; lastKnownFileType = sourcecode.swift; path = MainViewController.swift; sourceTree = "<group>"; };
		0C0901232667CD400050D676 /* Base */ = {isa = PBXFileReference; lastKnownFileType = file.storyboard; name = Base; path = Base.lproj/Main.storyboard; sourceTree = "<group>"; };
		0C0901252667CD410050D676 /* Assets.xcassets */ = {isa = PBXFileReference; lastKnownFileType = folder.assetcatalog; path = Assets.xcassets; sourceTree = "<group>"; };
		0C09012A2667CD410050D676 /* Info.plist */ = {isa = PBXFileReference; lastKnownFileType = text.plist.xml; path = Info.plist; sourceTree = "<group>"; };
		0C0901302667E33C0050D676 /* Model.swift */ = {isa = PBXFileReference; lastKnownFileType = sourcecode.swift; path = Model.swift; sourceTree = "<group>"; };
		0C0901322667FA5B0050D676 /* ChildViewController.swift */ = {isa = PBXFileReference; lastKnownFileType = sourcecode.swift; path = ChildViewController.swift; sourceTree = "<group>"; };
		0C090134266806EA0050D676 /* CellChild.swift */ = {isa = PBXFileReference; lastKnownFileType = sourcecode.swift; path = CellChild.swift; sourceTree = "<group>"; };
		0C09013926682AB50050D676 /* ProtocolVC.swift */ = {isa = PBXFileReference; lastKnownFileType = sourcecode.swift; path = ProtocolVC.swift; sourceTree = "<group>"; };
		0C09013B266832160050D676 /* ProtocolModel.swift */ = {isa = PBXFileReference; lastKnownFileType = sourcecode.swift; path = ProtocolModel.swift; sourceTree = "<group>"; };
		0C09013F2668C8AE0050D676 /* ValidationData.swift */ = {isa = PBXFileReference; lastKnownFileType = sourcecode.swift; path = ValidationData.swift; sourceTree = "<group>"; };
		0C0901432668DF2E0050D676 /* LaunchScreen.storyboard */ = {isa = PBXFileReference; fileEncoding = 4; lastKnownFileType = file.storyboard; path = LaunchScreen.storyboard; sourceTree = "<group>"; };
		0C0901452668F4220050D676 /* README.md */ = {isa = PBXFileReference; lastKnownFileType = net.daringfireball.markdown; path = README.md; sourceTree = "<group>"; };
/* End PBXFileReference section */

/* Begin PBXFrameworksBuildPhase section */
		0C0901162667CD400050D676 /* Frameworks */ = {
			isa = PBXFrameworksBuildPhase;
			buildActionMask = 2147483647;
			files = (
			);
			runOnlyForDeploymentPostprocessing = 0;
		};
/* End PBXFrameworksBuildPhase section */

/* Begin PBXGroup section */
		0C0901102667CD400050D676 = {
			isa = PBXGroup;
			children = (
				0C0901452668F4220050D676 /* README.md */,
				0C09011B2667CD400050D676 /* Alef */,
				0C09011A2667CD400050D676 /* Products */,
			);
			sourceTree = "<group>";
		};
		0C09011A2667CD400050D676 /* Products */ = {
			isa = PBXGroup;
			children = (
				0C0901192667CD400050D676 /* Alef.app */,
			);
			name = Products;
			sourceTree = "<group>";
		};
		0C09011B2667CD400050D676 /* Alef */ = {
			isa = PBXGroup;
			children = (
				0C0901432668DF2E0050D676 /* LaunchScreen.storyboard */,
				0C09011C2667CD400050D676 /* AppDelegate.swift */,
				0C09011E2667CD400050D676 /* SceneDelegate.swift */,
				0C09013726682A0A0050D676 /* Controller */,
				0C0901222667CD400050D676 /* Main.storyboard */,
				0C09013826682A1D0050D676 /* View */,
				0C090136266829F20050D676 /* Model */,
				0C0901252667CD410050D676 /* Assets.xcassets */,
				0C09012A2667CD410050D676 /* Info.plist */,
			);
			path = Alef;
			sourceTree = "<group>";
		};
		0C090136266829F20050D676 /* Model */ = {
			isa = PBXGroup;
			children = (
				0C0901302667E33C0050D676 /* Model.swift */,
				0C09013F2668C8AE0050D676 /* ValidationData.swift */,
				0C09013B266832160050D676 /* ProtocolModel.swift */,
			);
			path = Model;
			sourceTree = "<group>";
		};
		0C09013726682A0A0050D676 /* Controller */ = {
			isa = PBXGroup;
			children = (
				0C0901202667CD400050D676 /* MainViewController.swift */,
				0C09013926682AB50050D676 /* ProtocolVC.swift */,
				0C0901322667FA5B0050D676 /* ChildViewController.swift */,
			);
			path = Controller;
			sourceTree = "<group>";
		};
		0C09013826682A1D0050D676 /* View */ = {
			isa = PBXGroup;
			children = (
				0C090134266806EA0050D676 /* CellChild.swift */,
			);
			path = View;
			sourceTree = "<group>";
		};
/* End PBXGroup section */

/* Begin PBXNativeTarget section */
		0C0901182667CD400050D676 /* Alef */ = {
			isa = PBXNativeTarget;
			buildConfigurationList = 0C09012D2667CD410050D676 /* Build configuration list for PBXNativeTarget "Alef" */;
			buildPhases = (
				0C0901152667CD400050D676 /* Sources */,
				0C0901162667CD400050D676 /* Frameworks */,
				0C0901172667CD400050D676 /* Resources */,
			);
			buildRules = (
			);
			dependencies = (
			);
			name = Alef;
			productName = Alef;
			productReference = 0C0901192667CD400050D676 /* Alef.app */;
			productType = "com.apple.product-type.application";
		};
/* End PBXNativeTarget section */

/* Begin PBXProject section */
		0C0901112667CD400050D676 /* Project object */ = {
			isa = PBXProject;
			attributes = {
				LastSwiftUpdateCheck = 1250;
				LastUpgradeCheck = 1250;
				TargetAttributes = {
					0C0901182667CD400050D676 = {
						CreatedOnToolsVersion = 12.5;
					};
				};
			};
			buildConfigurationList = 0C0901142667CD400050D676 /* Build configuration list for PBXProject "Alef" */;
			compatibilityVersion = "Xcode 9.3";
			developmentRegion = en;
			hasScannedForEncodings = 0;
			knownRegions = (
				en,
				Base,
			);
			mainGroup = 0C0901102667CD400050D676;
			productRefGroup = 0C09011A2667CD400050D676 /* Products */;
			projectDirPath = "";
			projectRoot = "";
			targets = (
				0C0901182667CD400050D676 /* Alef */,
			);
		};
/* End PBXProject section */

/* Begin PBXResourcesBuildPhase section */
		0C0901172667CD400050D676 /* Resources */ = {
			isa = PBXResourcesBuildPhase;
			buildActionMask = 2147483647;
			files = (
				0C0901442668DF2E0050D676 /* LaunchScreen.storyboard in Resources */,
				0C0901262667CD410050D676 /* Assets.xcassets in Resources */,
				0C0901462668F4220050D676 /* README.md in Resources */,
				0C0901242667CD400050D676 /* Main.storyboard in Resources */,
			);
			runOnlyForDeploymentPostprocessing = 0;
		};
/* End PBXResourcesBuildPhase section */

/* Begin PBXSourcesBuildPhase section */
		0C0901152667CD400050D676 /* Sources */ = {
			isa = PBXSourcesBuildPhase;
			buildActionMask = 2147483647;
			files = (
				0C0901212667CD400050D676 /* MainViewController.swift in Sources */,
				0C09013C266832160050D676 /* ProtocolModel.swift in Sources */,
				0C0901332667FA5B0050D676 /* ChildViewController.swift in Sources */,
				0C090135266806EA0050D676 /* CellChild.swift in Sources */,
				0C09011D2667CD400050D676 /* AppDelegate.swift in Sources */,
				0C09011F2667CD400050D676 /* SceneDelegate.swift in Sources */,
				0C0901402668C8AE0050D676 /* ValidationData.swift in Sources */,
				0C09013A26682AB50050D676 /* ProtocolVC.swift in Sources */,
				0C0901312667E33C0050D676 /* Model.swift in Sources */,
			);
			runOnlyForDeploymentPostprocessing = 0;
		};
/* End PBXSourcesBuildPhase section */

/* Begin PBXVariantGroup section */
		0C0901222667CD400050D676 /* Main.storyboard */ = {
			isa = PBXVariantGroup;
			children = (
				0C0901232667CD400050D676 /* Base */,
			);
			name = Main.storyboard;
			sourceTree = "<group>";
		};
/* End PBXVariantGroup section */

/* Begin XCBuildConfiguration section */
		0C09012B2667CD410050D676 /* Debug */ = {
			isa = XCBuildConfiguration;
			buildSettings = {
				ALWAYS_SEARCH_USER_PATHS = NO;
				CLANG_ANALYZER_NONNULL = YES;
				CLANG_ANALYZER_NUMBER_OBJECT_CONVERSION = YES_AGGRESSIVE;
				CLANG_CXX_LANGUAGE_STANDARD = "gnu++14";
				CLANG_CXX_LIBRARY = "libc++";
				CLANG_ENABLE_MODULES = YES;
				CLANG_ENABLE_OBJC_ARC = YES;
				CLANG_ENABLE_OBJC_WEAK = YES;
				CLANG_WARN_BLOCK_CAPTURE_AUTORELEASING = YES;
				CLANG_WARN_BOOL_CONVERSION = YES;
				CLANG_WARN_COMMA = YES;
				CLANG_WARN_CONSTANT_CONVERSION = YES;
				CLANG_WARN_DEPRECATED_OBJC_IMPLEMENTATIONS = YES;
				CLANG_WARN_DIRECT_OBJC_ISA_USAGE = YES_ERROR;
				CLANG_WARN_DOCUMENTATION_COMMENTS = YES;
				CLANG_WARN_EMPTY_BODY = YES;
				CLANG_WARN_ENUM_CONVERSION = YES;
				CLANG_WARN_INFINITE_RECURSION = YES;
				CLANG_WARN_INT_CONVERSION = YES;
				CLANG_WARN_NON_LITERAL_NULL_CONVERSION = YES;
				CLANG_WARN_OBJC_IMPLICIT_RETAIN_SELF = YES;
				CLANG_WARN_OBJC_LITERAL_CONVERSION = YES;
				CLANG_WARN_OBJC_ROOT_CLASS = YES_ERROR;
				CLANG_WARN_QUOTED_INCLUDE_IN_FRAMEWORK_HEADER = YES;
				CLANG_WARN_RANGE_LOOP_ANALYSIS = YES;
				CLANG_WARN_STRICT_PROTOTYPES = YES;
				CLANG_WARN_SUSPICIOUS_MOVE = YES;
				CLANG_WARN_UNGUARDED_AVAILABILITY = YES_AGGRESSIVE;
				CLANG_WARN_UNREACHABLE_CODE = YES;
				CLANG_WARN__DUPLICATE_METHOD_MATCH = YES;
				COPY_PHASE_STRIP = NO;
				DEBUG_INFORMATION_FORMAT = dwarf;
				ENABLE_STRICT_OBJC_MSGSEND = YES;
				ENABLE_TESTABILITY = YES;
				GCC_C_LANGUAGE_STANDARD = gnu11;
				GCC_DYNAMIC_NO_PIC = NO;
				GCC_NO_COMMON_BLOCKS = YES;
				GCC_OPTIMIZATION_LEVEL = 0;
				GCC_PREPROCESSOR_DEFINITIONS = (
					"DEBUG=1",
					"$(inherited)",
				);
				GCC_WARN_64_TO_32_BIT_CONVERSION = YES;
				GCC_WARN_ABOUT_RETURN_TYPE = YES_ERROR;
				GCC_WARN_UNDECLARED_SELECTOR = YES;
				GCC_WARN_UNINITIALIZED_AUTOS = YES_AGGRESSIVE;
				GCC_WARN_UNUSED_FUNCTION = YES;
				GCC_WARN_UNUSED_VARIABLE = YES;
				IPHONEOS_DEPLOYMENT_TARGET = 14.1;
				MTL_ENABLE_DEBUG_INFO = INCLUDE_SOURCE;
				MTL_FAST_MATH = YES;
				ONLY_ACTIVE_ARCH = YES;
				SDKROOT = iphoneos;
				SWIFT_ACTIVE_COMPILATION_CONDITIONS = DEBUG;
				SWIFT_OPTIMIZATION_LEVEL = "-Onone";
			};
			name = Debug;
		};
		0C09012C2667CD410050D676 /* Release */ = {
			isa = XCBuildConfiguration;
			buildSettings = {
				ALWAYS_SEARCH_USER_PATHS = NO;
				CLANG_ANALYZER_NONNULL = YES;
				CLANG_ANALYZER_NUMBER_OBJECT_CONVERSION = YES_AGGRESSIVE;
				CLANG_CXX_LANGUAGE_STANDARD = "gnu++14";
				CLANG_CXX_LIBRARY = "libc++";
				CLANG_ENABLE_MODULES = YES;
				CLANG_ENABLE_OBJC_ARC = YES;
				CLANG_ENABLE_OBJC_WEAK = YES;
				CLANG_WARN_BLOCK_CAPTURE_AUTORELEASING = YES;
				CLANG_WARN_BOOL_CONVERSION = YES;
				CLANG_WARN_COMMA = YES;
				CLANG_WARN_CONSTANT_CONVERSION = YES;
				CLANG_WARN_DEPRECATED_OBJC_IMPLEMENTATIONS = YES;
				CLANG_WARN_DIRECT_OBJC_ISA_USAGE = YES_ERROR;
				CLANG_WARN_DOCUMENTATION_COMMENTS = YES;
				CLANG_WARN_EMPTY_BODY = YES;
				CLANG_WARN_ENUM_CONVERSION = YES;
				CLANG_WARN_INFINITE_RECURSION = YES;
				CLANG_WARN_INT_CONVERSION = YES;
				CLANG_WARN_NON_LITERAL_NULL_CONVERSION = YES;
				CLANG_WARN_OBJC_IMPLICIT_RETAIN_SELF = YES;
				CLANG_WARN_OBJC_LITERAL_CONVERSION = YES;
				CLANG_WARN_OBJC_ROOT_CLASS = YES_ERROR;
				CLANG_WARN_QUOTED_INCLUDE_IN_FRAMEWORK_HEADER = YES;
				CLANG_WARN_RANGE_LOOP_ANALYSIS = YES;
				CLANG_WARN_STRICT_PROTOTYPES = YES;
				CLANG_WARN_SUSPICIOUS_MOVE = YES;
				CLANG_WARN_UNGUARDED_AVAILABILITY = YES_AGGRESSIVE;
				CLANG_WARN_UNREACHABLE_CODE = YES;
				CLANG_WARN__DUPLICATE_METHOD_MATCH = YES;
				COPY_PHASE_STRIP = NO;
				DEBUG_INFORMATION_FORMAT = "dwarf-with-dsym";
				ENABLE_NS_ASSERTIONS = NO;
				ENABLE_STRICT_OBJC_MSGSEND = YES;
				GCC_C_LANGUAGE_STANDARD = gnu11;
				GCC_NO_COMMON_BLOCKS = YES;
				GCC_WARN_64_TO_32_BIT_CONVERSION = YES;
				GCC_WARN_ABOUT_RETURN_TYPE = YES_ERROR;
				GCC_WARN_UNDECLARED_SELECTOR = YES;
				GCC_WARN_UNINITIALIZED_AUTOS = YES_AGGRESSIVE;
				GCC_WARN_UNUSED_FUNCTION = YES;
				GCC_WARN_UNUSED_VARIABLE = YES;
				IPHONEOS_DEPLOYMENT_TARGET = 14.1;
				MTL_ENABLE_DEBUG_INFO = NO;
				MTL_FAST_MATH = YES;
				SDKROOT = iphoneos;
				SWIFT_COMPILATION_MODE = wholemodule;
				SWIFT_OPTIMIZATION_LEVEL = "-O";
				VALIDATE_PRODUCT = YES;
			};
			name = Release;
		};
		0C09012E2667CD410050D676 /* Debug */ = {
			isa = XCBuildConfiguration;
			buildSettings = {
				ASSETCATALOG_COMPILER_APPICON_NAME = AppIcon;
				ASSETCATALOG_COMPILER_GLOBAL_ACCENT_COLOR_NAME = AccentColor;
				CODE_SIGN_STYLE = Automatic;
				DEVELOPMENT_TEAM = T65E3WF6EP;
				INFOPLIST_FILE = Alef/Info.plist;
				LD_RUNPATH_SEARCH_PATHS = (
					"$(inherited)",
					"@executable_path/Frameworks",
				);
				PRODUCT_BUNDLE_IDENTIFIER = ru.enta.Alef;
				PRODUCT_NAME = "$(TARGET_NAME)";
				SWIFT_VERSION = 5.0;
				TARGETED_DEVICE_FAMILY = "1,2";
			};
			name = Debug;
		};
		0C09012F2667CD410050D676 /* Release */ = {
			isa = XCBuildConfiguration;
			buildSettings = {
				ASSETCATALOG_COMPILER_APPICON_NAME = AppIcon;
				ASSETCATALOG_COMPILER_GLOBAL_ACCENT_COLOR_NAME = AccentColor;
				CODE_SIGN_STYLE = Automatic;
				DEVELOPMENT_TEAM = T65E3WF6EP;
				INFOPLIST_FILE = Alef/Info.plist;
				LD_RUNPATH_SEARCH_PATHS = (
					"$(inherited)",
					"@executable_path/Frameworks",
				);
				PRODUCT_BUNDLE_IDENTIFIER = ru.enta.Alef;
				PRODUCT_NAME = "$(TARGET_NAME)";
				SWIFT_VERSION = 5.0;
				TARGETED_DEVICE_FAMILY = "1,2";
			};
			name = Release;
		};
/* End XCBuildConfiguration section */

/* Begin XCConfigurationList section */
		0C0901142667CD400050D676 /* Build configuration list for PBXProject "Alef" */ = {
			isa = XCConfigurationList;
			buildConfigurations = (
				0C09012B2667CD410050D676 /* Debug */,
				0C09012C2667CD410050D676 /* Release */,
			);
			defaultConfigurationIsVisible = 0;
			defaultConfigurationName = Release;
		};
		0C09012D2667CD410050D676 /* Build configuration list for PBXNativeTarget "Alef" */ = {
			isa = XCConfigurationList;
			buildConfigurations = (
				0C09012E2667CD410050D676 /* Debug */,
				0C09012F2667CD410050D676 /* Release */,
			);
			defaultConfigurationIsVisible = 0;
			defaultConfigurationName = Release;
		};
/* End XCConfigurationList section */
	};
	rootObject = 0C0901112667CD400050D676 /* Project object */;
}
